
Microsoft Visual Studio Solution File, Format Version 12.00
# Visual Studio Version 17
VisualStudioVersion = 17.3.32825.248
MinimumVisualStudioVersion = 10.0.40219.1
Project("{9A19103F-16F7-4668-BE54-9A1E7A4F7556}") = "SVGTravellingSalesmanProblem", "TravellingSalesmanProblem\SVGTravellingSalesmanProblem.csproj", "{1F0EB286-C783-4FCF-A5D7-4E48E2BE2CF3}"
EndProject
Project("{2150E333-8FDC-42A3-9474-1A3956D46DE8}") = "Solution Items", "Solution Items", "{1BCB9191-BBA2-4E60-823F-D92C34433883}"
EndProject
Global
	GlobalSection(SolutionConfigurationPlatforms) = preSolution
		Debug|Any CPU = Debug|Any CPU
		Release|Any CPU = Release|Any CPU
	EndGlobalSection
	GlobalSection(ProjectConfigurationPlatforms) = postSolution
		{1F0EB286-C783-4FCF-A5D7-4E48E2BE2CF3}.Debug|Any CPU.ActiveCfg = Debug|Any CPU
		{1F0EB286-C783-4FCF-A5D7-4E48E2BE2CF3}.Debug|Any CPU.Build.0 = Debug|Any CPU
		{1F0EB286-C783-4FCF-A5D7-4E48E2BE2CF3}.Release|Any CPU.ActiveCfg = Release|Any CPU
		{1F0EB286-C783-4FCF-A5D7-4E48E2BE2CF3}.Release|Any CPU.Build.0 = Release|Any CPU
	EndGlobalSection
	GlobalSection(SolutionProperties) = preSolution
		HideSolutionNode = FALSE
	EndGlobalSection
	GlobalSection(ExtensibilityGlobals) = postSolution
		SolutionGuid = {BDFA78C0-F60D-4E3E-BAFE-F244124394E1}
	EndGlobalSection
EndGlobal
